
Microsoft Visual Studio Solution File, Format Version 12.00
# Visual Studio Version 16
VisualStudioVersion = 16.0.31129.286
MinimumVisualStudioVersion = 10.0.40219.1
Project("{FAE04EC0-301F-11D3-BF4B-00C04F79EFBC}") = "BamboleyLO", "BamboleyLO\BamboleyLO.csproj", "{DD9A0733-664E-42E4-980E-002A3F29AF64}"
EndProject
Global
	GlobalSection(SolutionConfigurationPlatforms) = preSolution
		Debug|Any CPU = Debug|Any CPU
		Release|Any CPU = Release|Any CPU
	EndGlobalSection
	GlobalSection(ProjectConfigurationPlatforms) = postSolution
		{DD9A0733-664E-42E4-980E-002A3F29AF64}.Debug|Any CPU.ActiveCfg = Debug|Any CPU
		{DD9A0733-664E-42E4-980E-002A3F29AF64}.Debug|Any CPU.Build.0 = Debug|Any CPU
		{DD9A0733-664E-42E4-980E-002A3F29AF64}.Release|Any CPU.ActiveCfg = Release|Any CPU
		{DD9A0733-664E-42E4-980E-002A3F29AF64}.Release|Any CPU.Build.0 = Release|Any CPU
	EndGlobalSection
	GlobalSection(SolutionProperties) = preSolution
		HideSolutionNode = FALSE
	EndGlobalSection
	GlobalSection(ExtensibilityGlobals) = postSolution
		SolutionGuid = {A60AA18B-AD02-4D25-877C-0FF206C2A2CF}
	EndGlobalSection
EndGlobal
